
Microsoft Visual Studio Solution File, Format Version 12.00
# Visual Studio Version 17
VisualStudioVersion = 17.1.32210.238
MinimumVisualStudioVersion = 10.0.40219.1
Project("{FAE04EC0-301F-11D3-BF4B-00C04F79EFBC}") = "KaveNegar.Project", "KaveNegar.Project\KaveNegar.Project.csproj", "{854924DD-882C-4C0E-9723-31C20AC019FD}"
EndProject
Global
	GlobalSection(SolutionConfigurationPlatforms) = preSolution
		Debug|Any CPU = Debug|Any CPU
		Release|Any CPU = Release|Any CPU
	EndGlobalSection
	GlobalSection(ProjectConfigurationPlatforms) = postSolution
		{854924DD-882C-4C0E-9723-31C20AC019FD}.Debug|Any CPU.ActiveCfg = Debug|Any CPU
		{854924DD-882C-4C0E-9723-31C20AC019FD}.Debug|Any CPU.Build.0 = Debug|Any CPU
		{854924DD-882C-4C0E-9723-31C20AC019FD}.Release|Any CPU.ActiveCfg = Release|Any CPU
		{854924DD-882C-4C0E-9723-31C20AC019FD}.Release|Any CPU.Build.0 = Release|Any CPU
	EndGlobalSection
	GlobalSection(SolutionProperties) = preSolution
		HideSolutionNode = FALSE
	EndGlobalSection
	GlobalSection(ExtensibilityGlobals) = postSolution
		SolutionGuid = {C4A3A189-7751-4C99-8EFC-3A274007F265}
	EndGlobalSection
EndGlobal
